{
  "lockfile_version": "1",
  "packages": {
    "deno@latest": {
      "last_modified": "2024-08-02T23:16:43Z",
      "resolved": "github:NixOS/nixpkgs/81610abc161d4021b29199aa464d6a1a521e0cc9#deno",
      "source": "devbox-search",
      "version": "1.45.4",
      "systems": {
        "aarch64-darwin": {
          "outputs": [
            {
              "name": "out",
              "path": "/nix/store/fm7gg5dnd2rc7gyyyqbw20hzzqaz1vp9-deno-1.45.4",
              "default": true
            }
          ],
          "store_path": "/nix/store/fm7gg5dnd2rc7gyyyqbw20hzzqaz1vp9-deno-1.45.4"
        },
        "aarch64-linux": {
          "outputs": [
            {
              "name": "out",
              "path": "/nix/store/9bri8wahxmbp3bh8kvs2ijx1jn10mbpv-deno-1.45.4",
              "default": true
            }
          ],
          "store_path": "/nix/store/9bri8wahxmbp3bh8kvs2ijx1jn10mbpv-deno-1.45.4"
        },
        "x86_64-darwin": {
          "outputs": [
            {
              "name": "out",
              "path": "/nix/store/zhc0jmbv9aghdxh7ma32vrfrq3ila8dr-deno-1.45.4",
              "default": true
            }
          ],
          "store_path": "/nix/store/zhc0jmbv9aghdxh7ma32vrfrq3ila8dr-deno-1.45.4"
        },
        "x86_64-linux": {
          "outputs": [
            {
              "name": "out",
              "path": "/nix/store/yl3gck9vvv8j2h820n50vf155d1z2bv5-deno-1.45.4",
              "default": true
            }
          ],
          "store_path": "/nix/store/yl3gck9vvv8j2h820n50vf155d1z2bv5-deno-1.45.4"
        }
      }
    }
  }
}
